
Microsoft Visual Studio Solution File, Format Version 12.00
# Visual Studio Version 17
VisualStudioVersion = 17.1.32328.378
MinimumVisualStudioVersion = 10.0.40219.1
Project("{FAE04EC0-301F-11D3-BF4B-00C04F79EFBC}") = "BTL", "BTL\BTL.csproj", "{1FB63597-2EFA-42FE-B90F-77F17463146B}"
EndProject
Global
	GlobalSection(SolutionConfigurationPlatforms) = preSolution
		Debug|Any CPU = Debug|Any CPU
		Release|Any CPU = Release|Any CPU
	EndGlobalSection
	GlobalSection(ProjectConfigurationPlatforms) = postSolution
		{1FB63597-2EFA-42FE-B90F-77F17463146B}.Debug|Any CPU.ActiveCfg = Debug|Any CPU
		{1FB63597-2EFA-42FE-B90F-77F17463146B}.Debug|Any CPU.Build.0 = Debug|Any CPU
		{1FB63597-2EFA-42FE-B90F-77F17463146B}.Release|Any CPU.ActiveCfg = Release|Any CPU
		{1FB63597-2EFA-42FE-B90F-77F17463146B}.Release|Any CPU.Build.0 = Release|Any CPU
	EndGlobalSection
	GlobalSection(SolutionProperties) = preSolution
		HideSolutionNode = FALSE
	EndGlobalSection
	GlobalSection(ExtensibilityGlobals) = postSolution
		SolutionGuid = {5B7A4F14-8603-4218-BE2F-998A0FC6ADE9}
	EndGlobalSection
EndGlobal
